
Microsoft Visual Studio Solution File, Format Version 12.00
# Visual Studio Version 17
VisualStudioVersion = 17.4.33213.308
MinimumVisualStudioVersion = 10.0.40219.1
Project("{FAE04EC0-301F-11D3-BF4B-00C04F79EFBC}") = "AllEntries", "AllEntries.csproj", "{AC993D81-B782-44B1-82FB-ED3A0F357ACA}"
EndProject
Global
	GlobalSection(SolutionConfigurationPlatforms) = preSolution
		Debug|Any CPU = Debug|Any CPU
		Release|Any CPU = Release|Any CPU
	EndGlobalSection
	GlobalSection(ProjectConfigurationPlatforms) = postSolution
		{AC993D81-B782-44B1-82FB-ED3A0F357ACA}.Debug|Any CPU.ActiveCfg = Debug|Any CPU
		{AC993D81-B782-44B1-82FB-ED3A0F357ACA}.Debug|Any CPU.Build.0 = Debug|Any CPU
		{AC993D81-B782-44B1-82FB-ED3A0F357ACA}.Release|Any CPU.ActiveCfg = Release|Any CPU
		{AC993D81-B782-44B1-82FB-ED3A0F357ACA}.Release|Any CPU.Build.0 = Release|Any CPU
	EndGlobalSection
	GlobalSection(SolutionProperties) = preSolution
		HideSolutionNode = FALSE
	EndGlobalSection
	GlobalSection(ExtensibilityGlobals) = postSolution
		SolutionGuid = {2794EBC1-24EB-4D50-A6EF-3444A5ECD5B9}
	EndGlobalSection
EndGlobal
