
Microsoft Visual Studio Solution File, Format Version 12.00
# Visual Studio Version 17
VisualStudioVersion = 17.4.33213.308
MinimumVisualStudioVersion = 10.0.40219.1
Project("{FAE04EC0-301F-11D3-BF4B-00C04F79EFBC}") = "MobileFormat", "MobileFormat.csproj", "{8FA5261E-F911-412D-843A-E989A1E9872F}"
EndProject
Global
	GlobalSection(SolutionConfigurationPlatforms) = preSolution
		Debug|Any CPU = Debug|Any CPU
		Release|Any CPU = Release|Any CPU
	EndGlobalSection
	GlobalSection(ProjectConfigurationPlatforms) = postSolution
		{8FA5261E-F911-412D-843A-E989A1E9872F}.Debug|Any CPU.ActiveCfg = Debug|Any CPU
		{8FA5261E-F911-412D-843A-E989A1E9872F}.Debug|Any CPU.Build.0 = Debug|Any CPU
		{8FA5261E-F911-412D-843A-E989A1E9872F}.Release|Any CPU.ActiveCfg = Release|Any CPU
		{8FA5261E-F911-412D-843A-E989A1E9872F}.Release|Any CPU.Build.0 = Release|Any CPU
	EndGlobalSection
	GlobalSection(SolutionProperties) = preSolution
		HideSolutionNode = FALSE
	EndGlobalSection
	GlobalSection(ExtensibilityGlobals) = postSolution
		SolutionGuid = {386DA469-96AE-4BCB-8370-5252D13C1791}
	EndGlobalSection
EndGlobal
